
Microsoft Visual Studio Solution File, Format Version 12.00
# Visual Studio 15
Project("{FAE04EC0-301F-11D3-BF4B-00C04F79EFBC}") = "api-test", "api-test.csproj", "{ECBB70C5-A708-478C-AF63-26D742FE767B}"
EndProject
Project("{2150E333-8FDC-42A3-9474-1A3956D46DE8}") = "Shared", "Shared", "{569854EB-A0F0-49BA-9DC5-5CD9C7F2F937}"
EndProject
Project("{FAE04EC0-301F-11D3-BF4B-00C04F79EFBC}") = "api", "..\api\api.csproj", "{A44AA2B0-D1A2-4AD6-AB96-7E972479A331}"
EndProject
Global
	GlobalSection(SolutionConfigurationPlatforms) = preSolution
		Debug|Any CPU = Debug|Any CPU
		Release|Any CPU = Release|Any CPU
	EndGlobalSection
	GlobalSection(ProjectConfigurationPlatforms) = postSolution
		{ECBB70C5-A708-478C-AF63-26D742FE767B}.Debug|Any CPU.ActiveCfg = Debug|Any CPU
		{ECBB70C5-A708-478C-AF63-26D742FE767B}.Debug|Any CPU.Build.0 = Debug|Any CPU
		{ECBB70C5-A708-478C-AF63-26D742FE767B}.Release|Any CPU.ActiveCfg = Release|Any CPU
		{ECBB70C5-A708-478C-AF63-26D742FE767B}.Release|Any CPU.Build.0 = Release|Any CPU
		{A44AA2B0-D1A2-4AD6-AB96-7E972479A331}.Debug|Any CPU.ActiveCfg = Debug|Any CPU
		{A44AA2B0-D1A2-4AD6-AB96-7E972479A331}.Debug|Any CPU.Build.0 = Debug|Any CPU
		{A44AA2B0-D1A2-4AD6-AB96-7E972479A331}.Release|Any CPU.ActiveCfg = Release|Any CPU
		{A44AA2B0-D1A2-4AD6-AB96-7E972479A331}.Release|Any CPU.Build.0 = Release|Any CPU
	EndGlobalSection
	GlobalSection(NestedProjects) = preSolution
		{A44AA2B0-D1A2-4AD6-AB96-7E972479A331} = {569854EB-A0F0-49BA-9DC5-5CD9C7F2F937}
	EndGlobalSection
EndGlobal
